
Microsoft Visual Studio Solution File, Format Version 12.00
# Visual Studio Version 17
VisualStudioVersion = 17.6.33829.357
MinimumVisualStudioVersion = 10.0.40219.1
Project("{FAE04EC0-301F-11D3-BF4B-00C04F79EFBC}") = "Simple_Task_Manager_Endrit_Ajrulla", "Simple_Task_Manager_Endrit_Ajrulla\Simple_Task_Manager_Endrit_Ajrulla.csproj", "{1A51190A-C6AD-48DD-9507-5D37D5751AF2}"
EndProject
Global
	GlobalSection(SolutionConfigurationPlatforms) = preSolution
		Debug|Any CPU = Debug|Any CPU
		Release|Any CPU = Release|Any CPU
	EndGlobalSection
	GlobalSection(ProjectConfigurationPlatforms) = postSolution
		{1A51190A-C6AD-48DD-9507-5D37D5751AF2}.Debug|Any CPU.ActiveCfg = Debug|Any CPU
		{1A51190A-C6AD-48DD-9507-5D37D5751AF2}.Debug|Any CPU.Build.0 = Debug|Any CPU
		{1A51190A-C6AD-48DD-9507-5D37D5751AF2}.Release|Any CPU.ActiveCfg = Release|Any CPU
		{1A51190A-C6AD-48DD-9507-5D37D5751AF2}.Release|Any CPU.Build.0 = Release|Any CPU
	EndGlobalSection
	GlobalSection(SolutionProperties) = preSolution
		HideSolutionNode = FALSE
	EndGlobalSection
	GlobalSection(ExtensibilityGlobals) = postSolution
		SolutionGuid = {D6619326-6ADC-4B9D-9A58-5C7F670AE64F}
	EndGlobalSection
EndGlobal
